
Microsoft Visual Studio Solution File, Format Version 12.00
# Visual Studio Version 17
VisualStudioVersion = 17.11.35222.181
MinimumVisualStudioVersion = 10.0.40219.1
Project("{FAE04EC0-301F-11D3-BF4B-00C04F79EFBC}") = "InfinitAssessment", "InfinitAssessment.csproj", "{C688650E-7899-48EA-A2EA-08AC11D4CD17}"
EndProject
Global
	GlobalSection(SolutionConfigurationPlatforms) = preSolution
		Debug|Any CPU = Debug|Any CPU
		Release|Any CPU = Release|Any CPU
	EndGlobalSection
	GlobalSection(ProjectConfigurationPlatforms) = postSolution
		{C688650E-7899-48EA-A2EA-08AC11D4CD17}.Debug|Any CPU.ActiveCfg = Debug|Any CPU
		{C688650E-7899-48EA-A2EA-08AC11D4CD17}.Debug|Any CPU.Build.0 = Debug|Any CPU
		{C688650E-7899-48EA-A2EA-08AC11D4CD17}.Release|Any CPU.ActiveCfg = Release|Any CPU
		{C688650E-7899-48EA-A2EA-08AC11D4CD17}.Release|Any CPU.Build.0 = Release|Any CPU
	EndGlobalSection
	GlobalSection(SolutionProperties) = preSolution
		HideSolutionNode = FALSE
	EndGlobalSection
	GlobalSection(ExtensibilityGlobals) = postSolution
		SolutionGuid = {CDC368F6-B652-4D41-9872-19EE76F07B96}
	EndGlobalSection
EndGlobal
